
Microsoft Visual Studio Solution File, Format Version 12.00
# Visual Studio 15
VisualStudioVersion = 15.0.28010.2048
MinimumVisualStudioVersion = 10.0.40219.1
Project("{9092AA53-FB77-4645-B42D-1CCCA6BD08BD}") = "MyNodejsConsoleApp_MailDelivery", "MyNodejsConsoleApp_MailDelivery\MyNodejsConsoleApp_MailDelivery.njsproj", "{6343F46E-F654-483C-9444-066943DEC2B9}"
EndProject
Global
	GlobalSection(SolutionConfigurationPlatforms) = preSolution
		Debug|Any CPU = Debug|Any CPU
		Release|Any CPU = Release|Any CPU
	EndGlobalSection
	GlobalSection(ProjectConfigurationPlatforms) = postSolution
		{6343F46E-F654-483C-9444-066943DEC2B9}.Debug|Any CPU.ActiveCfg = Debug|Any CPU
		{6343F46E-F654-483C-9444-066943DEC2B9}.Debug|Any CPU.Build.0 = Debug|Any CPU
		{6343F46E-F654-483C-9444-066943DEC2B9}.Release|Any CPU.ActiveCfg = Release|Any CPU
		{6343F46E-F654-483C-9444-066943DEC2B9}.Release|Any CPU.Build.0 = Release|Any CPU
	EndGlobalSection
	GlobalSection(SolutionProperties) = preSolution
		HideSolutionNode = FALSE
	EndGlobalSection
	GlobalSection(ExtensibilityGlobals) = postSolution
		SolutionGuid = {2A529670-5688-4429-9B9A-C4D9F29C0BF5}
	EndGlobalSection
EndGlobal
